
Microsoft Visual Studio Solution File, Format Version 12.00
# Visual Studio Version 16
VisualStudioVersion = 16.0.28803.156
MinimumVisualStudioVersion = 10.0.40219.1
Project("{FAE04EC0-301F-11D3-BF4B-00C04F79EFBC}") = "Projeto Medicamento", "Projeto Medicamento\Projeto Medicamento.csproj", "{83764380-1BDD-4B4B-AD78-C75BC6A246CB}"
EndProject
Global
	GlobalSection(SolutionConfigurationPlatforms) = preSolution
		Debug|Any CPU = Debug|Any CPU
		Release|Any CPU = Release|Any CPU
	EndGlobalSection
	GlobalSection(ProjectConfigurationPlatforms) = postSolution
		{83764380-1BDD-4B4B-AD78-C75BC6A246CB}.Debug|Any CPU.ActiveCfg = Debug|Any CPU
		{83764380-1BDD-4B4B-AD78-C75BC6A246CB}.Debug|Any CPU.Build.0 = Debug|Any CPU
		{83764380-1BDD-4B4B-AD78-C75BC6A246CB}.Release|Any CPU.ActiveCfg = Release|Any CPU
		{83764380-1BDD-4B4B-AD78-C75BC6A246CB}.Release|Any CPU.Build.0 = Release|Any CPU
	EndGlobalSection
	GlobalSection(SolutionProperties) = preSolution
		HideSolutionNode = FALSE
	EndGlobalSection
	GlobalSection(ExtensibilityGlobals) = postSolution
		SolutionGuid = {30B0F236-A5FF-4A23-8252-23777243D5D6}
	EndGlobalSection
EndGlobal
